
Microsoft Visual Studio Solution File, Format Version 12.00
# Visual Studio Version 17
VisualStudioVersion = 17.0.32112.339
MinimumVisualStudioVersion = 10.0.40219.1
Project("{2150E333-8FDC-42A3-9474-1A3956D46DE8}") = "Core", "Core", "{D4CE8FDF-31F3-4CFD-A5D8-A29A28BF2865}"
EndProject
Project("{FAE04EC0-301F-11D3-BF4B-00C04F79EFBC}") = "Notes.Domain", "Core\TestGAR\Notes.Domain.csproj", "{0F4B3F61-E1FD-4E3C-8F45-A406605C847D}"
EndProject
Project("{2150E333-8FDC-42A3-9474-1A3956D46DE8}") = "Tests", "Tests", "{17AE2408-201E-4A98-B7FC-0E99C2C07D4A}"
EndProject
Project("{2150E333-8FDC-42A3-9474-1A3956D46DE8}") = "Presentation", "Presentation", "{6D9D6830-2B8A-4B61-8525-67E5A5BB5FB8}"
EndProject
Project("{2150E333-8FDC-42A3-9474-1A3956D46DE8}") = "Infrastructure", "Infrastructure", "{C6F9FDA3-E514-4890-BA62-5687BB6309F2}"
EndProject
Project("{9A19103F-16F7-4668-BE54-9A1E7A4F7556}") = "Notes.Application", "Notes.Application\Notes.Application.csproj", "{2C3A9944-AE3C-4AB1-8085-113A7845DBAF}"
EndProject
Project("{9A19103F-16F7-4668-BE54-9A1E7A4F7556}") = "Notes.Persistence", "Notes.Persistence\Notes.Persistence.csproj", "{7AB08BF2-2795-42A8-85D6-E9E226AFA5EA}"
EndProject
Project("{9A19103F-16F7-4668-BE54-9A1E7A4F7556}") = "Notes.WebApi", "Notes.WebApi\Notes.WebApi.csproj", "{88A58F39-3DDB-4515-81ED-E30993E70411}"
EndProject
Global
	GlobalSection(SolutionConfigurationPlatforms) = preSolution
		Debug|Any CPU = Debug|Any CPU
		Release|Any CPU = Release|Any CPU
	EndGlobalSection
	GlobalSection(ProjectConfigurationPlatforms) = postSolution
		{0F4B3F61-E1FD-4E3C-8F45-A406605C847D}.Debug|Any CPU.ActiveCfg = Debug|Any CPU
		{0F4B3F61-E1FD-4E3C-8F45-A406605C847D}.Debug|Any CPU.Build.0 = Debug|Any CPU
		{0F4B3F61-E1FD-4E3C-8F45-A406605C847D}.Release|Any CPU.ActiveCfg = Release|Any CPU
		{0F4B3F61-E1FD-4E3C-8F45-A406605C847D}.Release|Any CPU.Build.0 = Release|Any CPU
		{2C3A9944-AE3C-4AB1-8085-113A7845DBAF}.Debug|Any CPU.ActiveCfg = Debug|Any CPU
		{2C3A9944-AE3C-4AB1-8085-113A7845DBAF}.Debug|Any CPU.Build.0 = Debug|Any CPU
		{2C3A9944-AE3C-4AB1-8085-113A7845DBAF}.Release|Any CPU.ActiveCfg = Release|Any CPU
		{2C3A9944-AE3C-4AB1-8085-113A7845DBAF}.Release|Any CPU.Build.0 = Release|Any CPU
		{7AB08BF2-2795-42A8-85D6-E9E226AFA5EA}.Debug|Any CPU.ActiveCfg = Debug|Any CPU
		{7AB08BF2-2795-42A8-85D6-E9E226AFA5EA}.Debug|Any CPU.Build.0 = Debug|Any CPU
		{7AB08BF2-2795-42A8-85D6-E9E226AFA5EA}.Release|Any CPU.ActiveCfg = Release|Any CPU
		{7AB08BF2-2795-42A8-85D6-E9E226AFA5EA}.Release|Any CPU.Build.0 = Release|Any CPU
		{88A58F39-3DDB-4515-81ED-E30993E70411}.Debug|Any CPU.ActiveCfg = Debug|Any CPU
		{88A58F39-3DDB-4515-81ED-E30993E70411}.Debug|Any CPU.Build.0 = Debug|Any CPU
		{88A58F39-3DDB-4515-81ED-E30993E70411}.Release|Any CPU.ActiveCfg = Release|Any CPU
		{88A58F39-3DDB-4515-81ED-E30993E70411}.Release|Any CPU.Build.0 = Release|Any CPU
	EndGlobalSection
	GlobalSection(SolutionProperties) = preSolution
		HideSolutionNode = FALSE
	EndGlobalSection
	GlobalSection(NestedProjects) = preSolution
		{0F4B3F61-E1FD-4E3C-8F45-A406605C847D} = {D4CE8FDF-31F3-4CFD-A5D8-A29A28BF2865}
		{2C3A9944-AE3C-4AB1-8085-113A7845DBAF} = {D4CE8FDF-31F3-4CFD-A5D8-A29A28BF2865}
		{7AB08BF2-2795-42A8-85D6-E9E226AFA5EA} = {C6F9FDA3-E514-4890-BA62-5687BB6309F2}
		{88A58F39-3DDB-4515-81ED-E30993E70411} = {6D9D6830-2B8A-4B61-8525-67E5A5BB5FB8}
	EndGlobalSection
	GlobalSection(ExtensibilityGlobals) = postSolution
		SolutionGuid = {24BF8405-C469-4E0E-8FD2-3C4D2BE33929}
	EndGlobalSection
EndGlobal
